// !$*UTF8*$!
{
	archiveVersion = 1;
	classes = {
	};
	objectVersion = 50;
	objects = {

/* Begin PBXBuildFile section */
		7031045623709024001F7417 /* AppDelegate.m in Sources */ = {isa = PBXBuildFile; fileRef = 7031045523709024001F7417 /* AppDelegate.m */; };
		7031045923709024001F7417 /* SceneDelegate.m in Sources */ = {isa = PBXBuildFile; fileRef = 7031045823709024001F7417 /* SceneDelegate.m */; };
		7031045C23709024001F7417 /* ViewController.m in Sources */ = {isa = PBXBuildFile; fileRef = 7031045B23709024001F7417 /* ViewController.m */; };
		7031045F23709024001F7417 /* Main.storyboard in Resources */ = {isa = PBXBuildFile; fileRef = 7031045D23709024001F7417 /* Main.storyboard */; };
		7031046123709025001F7417 /* Assets.xcassets in Resources */ = {isa = PBXBuildFile; fileRef = 7031046023709025001F7417 /* Assets.xcassets */; };
		7031046423709025001F7417 /* LaunchScreen.storyboard in Resources */ = {isa = PBXBuildFile; fileRef = 7031046223709025001F7417 /* LaunchScreen.storyboard */; };
		7031046723709025001F7417 /* main.m in Sources */ = {isa = PBXBuildFile; fileRef = 7031046623709025001F7417 /* main.m */; };
		707F062D2371E7B400E5A548 /* Calculator.storyboard in Resources */ = {isa = PBXBuildFile; fileRef = 707F062C2371E7B400E5A548 /* Calculator.storyboard */; };
		707F062F2371EB8D00E5A548 /* Pythagorean.storyboard in Resources */ = {isa = PBXBuildFile; fileRef = 707F062E2371EB8D00E5A548 /* Pythagorean.storyboard */; };
		708A48902371EDFD00B033D4 /* Fileio.storyboard in Resources */ = {isa = PBXBuildFile; fileRef = 708A488F2371EDFD00B033D4 /* Fileio.storyboard */; };
		708A48922371EE2C00B033D4 /* Histogram.storyboard in Resources */ = {isa = PBXBuildFile; fileRef = 708A48912371EE2C00B033D4 /* Histogram.storyboard */; };
		708A48942371EED400B033D4 /* SearchEngine.storyboard in Resources */ = {isa = PBXBuildFile; fileRef = 708A48932371EED400B033D4 /* SearchEngine.storyboard */; };
		708E6F2C23747ECA00F810A9 /* pythag.c in Sources */ = {isa = PBXBuildFile; fileRef = 708E6F2B23747ECA00F810A9 /* pythag.c */; };
		708E6F2F23747F8300F810A9 /* calc.c in Sources */ = {isa = PBXBuildFile; fileRef = 708E6F2E23747F8300F810A9 /* calc.c */; };
		70E28DD12374881D00D2C3CA /* pythagController.m in Sources */ = {isa = PBXBuildFile; fileRef = 70E28DD02374881D00D2C3CA /* pythagController.m */; };
/* End PBXBuildFile section */

/* Begin PBXFileReference section */
		7031045123709024001F7417 /* ui.portfolio.app */ = {isa = PBXFileReference; explicitFileType = wrapper.application; includeInIndex = 0; path = ui.portfolio.app; sourceTree = BUILT_PRODUCTS_DIR; };
		7031045423709024001F7417 /* AppDelegate.h */ = {isa = PBXFileReference; lastKnownFileType = sourcecode.c.h; path = AppDelegate.h; sourceTree = "<group>"; };
		7031045523709024001F7417 /* AppDelegate.m */ = {isa = PBXFileReference; lastKnownFileType = sourcecode.c.objc; path = AppDelegate.m; sourceTree = "<group>"; };
		7031045723709024001F7417 /* SceneDelegate.h */ = {isa = PBXFileReference; lastKnownFileType = sourcecode.c.h; path = SceneDelegate.h; sourceTree = "<group>"; };
		7031045823709024001F7417 /* SceneDelegate.m */ = {isa = PBXFileReference; lastKnownFileType = sourcecode.c.objc; path = SceneDelegate.m; sourceTree = "<group>"; };
		7031045A23709024001F7417 /* ViewController.h */ = {isa = PBXFileReference; lastKnownFileType = sourcecode.c.h; path = ViewController.h; sourceTree = "<group>"; };
		7031045B23709024001F7417 /* ViewController.m */ = {isa = PBXFileReference; lastKnownFileType = sourcecode.c.objc; path = ViewController.m; sourceTree = "<group>"; };
		7031045E23709024001F7417 /* Base */ = {isa = PBXFileReference; lastKnownFileType = file.storyboard; name = Base; path = Base.lproj/Main.storyboard; sourceTree = "<group>"; };
		7031046023709025001F7417 /* Assets.xcassets */ = {isa = PBXFileReference; lastKnownFileType = folder.assetcatalog; path = Assets.xcassets; sourceTree = "<group>"; };
		7031046323709025001F7417 /* Base */ = {isa = PBXFileReference; lastKnownFileType = file.storyboard; name = Base; path = Base.lproj/LaunchScreen.storyboard; sourceTree = "<group>"; };
		7031046523709025001F7417 /* Info.plist */ = {isa = PBXFileReference; lastKnownFileType = text.plist.xml; path = Info.plist; sourceTree = "<group>"; };
		7031046623709025001F7417 /* main.m */ = {isa = PBXFileReference; lastKnownFileType = sourcecode.c.objc; path = main.m; sourceTree = "<group>"; };
		707F062C2371E7B400E5A548 /* Calculator.storyboard */ = {isa = PBXFileReference; lastKnownFileType = file.storyboard; path = Calculator.storyboard; sourceTree = "<group>"; };
		707F062E2371EB8D00E5A548 /* Pythagorean.storyboard */ = {isa = PBXFileReference; lastKnownFileType = file.storyboard; path = Pythagorean.storyboard; sourceTree = "<group>"; };
		708A488F2371EDFD00B033D4 /* Fileio.storyboard */ = {isa = PBXFileReference; lastKnownFileType = file.storyboard; path = Fileio.storyboard; sourceTree = "<group>"; };
		708A48912371EE2C00B033D4 /* Histogram.storyboard */ = {isa = PBXFileReference; lastKnownFileType = file.storyboard; path = Histogram.storyboard; sourceTree = "<group>"; };
		708A48932371EED400B033D4 /* SearchEngine.storyboard */ = {isa = PBXFileReference; lastKnownFileType = file.storyboard; path = SearchEngine.storyboard; sourceTree = "<group>"; };
		708E6F2A23747ECA00F810A9 /* pythag.h */ = {isa = PBXFileReference; lastKnownFileType = sourcecode.c.h; path = pythag.h; sourceTree = "<group>"; };
		708E6F2B23747ECA00F810A9 /* pythag.c */ = {isa = PBXFileReference; lastKnownFileType = sourcecode.c.c; path = pythag.c; sourceTree = "<group>"; };
		708E6F2D23747F8300F810A9 /* calc.h */ = {isa = PBXFileReference; lastKnownFileType = sourcecode.c.h; path = calc.h; sourceTree = "<group>"; };
		708E6F2E23747F8300F810A9 /* calc.c */ = {isa = PBXFileReference; lastKnownFileType = sourcecode.c.c; path = calc.c; sourceTree = "<group>"; };
		70E28DD02374881D00D2C3CA /* pythagController.m */ = {isa = PBXFileReference; lastKnownFileType = sourcecode.c.objc; path = pythagController.m; sourceTree = "<group>"; };
		70E28DD22374883600D2C3CA /* pythagController.h */ = {isa = PBXFileReference; lastKnownFileType = sourcecode.c.h; path = pythagController.h; sourceTree = "<group>"; };
/* End PBXFileReference section */

/* Begin PBXFrameworksBuildPhase section */
		7031044E23709024001F7417 /* Frameworks */ = {
			isa = PBXFrameworksBuildPhase;
			buildActionMask = 2147483647;
			files = (
			);
			runOnlyForDeploymentPostprocessing = 0;
		};
/* End PBXFrameworksBuildPhase section */

/* Begin PBXGroup section */
		7031044823709024001F7417 = {
			isa = PBXGroup;
			children = (
				7031045323709024001F7417 /* ui.portfolio */,
				7031045223709024001F7417 /* Products */,
			);
			sourceTree = "<group>";
		};
		7031045223709024001F7417 /* Products */ = {
			isa = PBXGroup;
			children = (
				7031045123709024001F7417 /* ui.portfolio.app */,
			);
			name = Products;
			sourceTree = "<group>";
		};
		7031045323709024001F7417 /* ui.portfolio */ = {
			isa = PBXGroup;
			children = (
				7031045423709024001F7417 /* AppDelegate.h */,
				7031045523709024001F7417 /* AppDelegate.m */,
				7031045723709024001F7417 /* SceneDelegate.h */,
				7031045823709024001F7417 /* SceneDelegate.m */,
				7031045A23709024001F7417 /* ViewController.h */,
				7031045B23709024001F7417 /* ViewController.m */,
				7031045D23709024001F7417 /* Main.storyboard */,
				708A48912371EE2C00B033D4 /* Histogram.storyboard */,
				708A488F2371EDFD00B033D4 /* Fileio.storyboard */,
				708A48932371EED400B033D4 /* SearchEngine.storyboard */,
				707F062E2371EB8D00E5A548 /* Pythagorean.storyboard */,
				707F062C2371E7B400E5A548 /* Calculator.storyboard */,
				7031046023709025001F7417 /* Assets.xcassets */,
				7031046223709025001F7417 /* LaunchScreen.storyboard */,
				7031046523709025001F7417 /* Info.plist */,
				7031046623709025001F7417 /* main.m */,
				708E6F2A23747ECA00F810A9 /* pythag.h */,
				708E6F2B23747ECA00F810A9 /* pythag.c */,
				708E6F2D23747F8300F810A9 /* calc.h */,
				708E6F2E23747F8300F810A9 /* calc.c */,
				70E28DD02374881D00D2C3CA /* pythagController.m */,
				70E28DD22374883600D2C3CA /* pythagController.h */,
			);
			path = ui.portfolio;
			sourceTree = "<group>";
		};
/* End PBXGroup section */

/* Begin PBXNativeTarget section */
		7031045023709024001F7417 /* ui.portfolio */ = {
			isa = PBXNativeTarget;
			buildConfigurationList = 7031046A23709025001F7417 /* Build configuration list for PBXNativeTarget "ui.portfolio" */;
			buildPhases = (
				7031044D23709024001F7417 /* Sources */,
				7031044E23709024001F7417 /* Frameworks */,
				7031044F23709024001F7417 /* Resources */,
			);
			buildRules = (
			);
			dependencies = (
			);
			name = ui.portfolio;
			productName = ui.portfolio;
			productReference = 7031045123709024001F7417 /* ui.portfolio.app */;
			productType = "com.apple.product-type.application";
		};
/* End PBXNativeTarget section */

/* Begin PBXProject section */
		7031044923709024001F7417 /* Project object */ = {
			isa = PBXProject;
			attributes = {
				LastUpgradeCheck = 1120;
				ORGANIZATIONNAME = "Alec Linyard";
				TargetAttributes = {
					7031045023709024001F7417 = {
						CreatedOnToolsVersion = 11.2;
					};
				};
			};
			buildConfigurationList = 7031044C23709024001F7417 /* Build configuration list for PBXProject "ui.portfolio" */;
			compatibilityVersion = "Xcode 9.3";
			developmentRegion = en;
			hasScannedForEncodings = 0;
			knownRegions = (
				en,
				Base,
			);
			mainGroup = 7031044823709024001F7417;
			productRefGroup = 7031045223709024001F7417 /* Products */;
			projectDirPath = "";
			projectRoot = "";
			targets = (
				7031045023709024001F7417 /* ui.portfolio */,
			);
		};
/* End PBXProject section */

/* Begin PBXResourcesBuildPhase section */
		7031044F23709024001F7417 /* Resources */ = {
			isa = PBXResourcesBuildPhase;
			buildActionMask = 2147483647;
			files = (
				7031046423709025001F7417 /* LaunchScreen.storyboard in Resources */,
				708A48922371EE2C00B033D4 /* Histogram.storyboard in Resources */,
				708A48942371EED400B033D4 /* SearchEngine.storyboard in Resources */,
				7031046123709025001F7417 /* Assets.xcassets in Resources */,
				7031045F23709024001F7417 /* Main.storyboard in Resources */,
				707F062F2371EB8D00E5A548 /* Pythagorean.storyboard in Resources */,
				708A48902371EDFD00B033D4 /* Fileio.storyboard in Resources */,
				707F062D2371E7B400E5A548 /* Calculator.storyboard in Resources */,
			);
			runOnlyForDeploymentPostprocessing = 0;
		};
/* End PBXResourcesBuildPhase section */

/* Begin PBXSourcesBuildPhase section */
		7031044D23709024001F7417 /* Sources */ = {
			isa = PBXSourcesBuildPhase;
			buildActionMask = 2147483647;
			files = (
				708E6F2F23747F8300F810A9 /* calc.c in Sources */,
				7031045C23709024001F7417 /* ViewController.m in Sources */,
				708E6F2C23747ECA00F810A9 /* pythag.c in Sources */,
				7031045623709024001F7417 /* AppDelegate.m in Sources */,
				7031046723709025001F7417 /* main.m in Sources */,
				70E28DD12374881D00D2C3CA /* pythagController.m in Sources */,
				7031045923709024001F7417 /* SceneDelegate.m in Sources */,
			);
			runOnlyForDeploymentPostprocessing = 0;
		};
/* End PBXSourcesBuildPhase section */

/* Begin PBXVariantGroup section */
		7031045D23709024001F7417 /* Main.storyboard */ = {
			isa = PBXVariantGroup;
			children = (
				7031045E23709024001F7417 /* Base */,
			);
			name = Main.storyboard;
			sourceTree = "<group>";
		};
		7031046223709025001F7417 /* LaunchScreen.storyboard */ = {
			isa = PBXVariantGroup;
			children = (
				7031046323709025001F7417 /* Base */,
			);
			name = LaunchScreen.storyboard;
			sourceTree = "<group>";
		};
/* End PBXVariantGroup section */

/* Begin XCBuildConfiguration section */
		7031046823709025001F7417 /* Debug */ = {
			isa = XCBuildConfiguration;
			buildSettings = {
				ALWAYS_SEARCH_USER_PATHS = NO;
				CLANG_ANALYZER_NONNULL = YES;
				CLANG_ANALYZER_NUMBER_OBJECT_CONVERSION = YES_AGGRESSIVE;
				CLANG_CXX_LANGUAGE_STANDARD = "gnu++14";
				CLANG_CXX_LIBRARY = "libc++";
				CLANG_ENABLE_MODULES = YES;
				CLANG_ENABLE_OBJC_ARC = YES;
				CLANG_ENABLE_OBJC_WEAK = YES;
				CLANG_WARN_BLOCK_CAPTURE_AUTORELEASING = YES;
				CLANG_WARN_BOOL_CONVERSION = YES;
				CLANG_WARN_COMMA = YES;
				CLANG_WARN_CONSTANT_CONVERSION = YES;
				CLANG_WARN_DEPRECATED_OBJC_IMPLEMENTATIONS = YES;
				CLANG_WARN_DIRECT_OBJC_ISA_USAGE = YES_ERROR;
				CLANG_WARN_DOCUMENTATION_COMMENTS = YES;
				CLANG_WARN_EMPTY_BODY = YES;
				CLANG_WARN_ENUM_CONVERSION = YES;
				CLANG_WARN_INFINITE_RECURSION = YES;
				CLANG_WARN_INT_CONVERSION = YES;
				CLANG_WARN_NON_LITERAL_NULL_CONVERSION = YES;
				CLANG_WARN_OBJC_IMPLICIT_RETAIN_SELF = YES;
				CLANG_WARN_OBJC_LITERAL_CONVERSION = YES;
				CLANG_WARN_OBJC_ROOT_CLASS = YES_ERROR;
				CLANG_WARN_RANGE_LOOP_ANALYSIS = YES;
				CLANG_WARN_STRICT_PROTOTYPES = YES;
				CLANG_WARN_SUSPICIOUS_MOVE = YES;
				CLANG_WARN_UNGUARDED_AVAILABILITY = YES_AGGRESSIVE;
				CLANG_WARN_UNREACHABLE_CODE = YES;
				CLANG_WARN__DUPLICATE_METHOD_MATCH = YES;
				COPY_PHASE_STRIP = NO;
				DEBUG_INFORMATION_FORMAT = dwarf;
				ENABLE_STRICT_OBJC_MSGSEND = YES;
				ENABLE_TESTABILITY = YES;
				GCC_C_LANGUAGE_STANDARD = gnu11;
				GCC_DYNAMIC_NO_PIC = NO;
				GCC_NO_COMMON_BLOCKS = YES;
				GCC_OPTIMIZATION_LEVEL = 0;
				GCC_PREPROCESSOR_DEFINITIONS = (
					"DEBUG=1",
					"$(inherited)",
				);
				GCC_WARN_64_TO_32_BIT_CONVERSION = YES;
				GCC_WARN_ABOUT_RETURN_TYPE = YES_ERROR;
				GCC_WARN_UNDECLARED_SELECTOR = YES;
				GCC_WARN_UNINITIALIZED_AUTOS = YES_AGGRESSIVE;
				GCC_WARN_UNUSED_FUNCTION = YES;
				GCC_WARN_UNUSED_VARIABLE = YES;
				IPHONEOS_DEPLOYMENT_TARGET = 13.2;
				MTL_ENABLE_DEBUG_INFO = INCLUDE_SOURCE;
				MTL_FAST_MATH = YES;
				ONLY_ACTIVE_ARCH = YES;
				SDKROOT = iphoneos;
			};
			name = Debug;
		};
		7031046923709025001F7417 /* Release */ = {
			isa = XCBuildConfiguration;
			buildSettings = {
				ALWAYS_SEARCH_USER_PATHS = NO;
				CLANG_ANALYZER_NONNULL = YES;
				CLANG_ANALYZER_NUMBER_OBJECT_CONVERSION = YES_AGGRESSIVE;
				CLANG_CXX_LANGUAGE_STANDARD = "gnu++14";
				CLANG_CXX_LIBRARY = "libc++";
				CLANG_ENABLE_MODULES = YES;
				CLANG_ENABLE_OBJC_ARC = YES;
				CLANG_ENABLE_OBJC_WEAK = YES;
				CLANG_WARN_BLOCK_CAPTURE_AUTORELEASING = YES;
				CLANG_WARN_BOOL_CONVERSION = YES;
				CLANG_WARN_COMMA = YES;
				CLANG_WARN_CONSTANT_CONVERSION = YES;
				CLANG_WARN_DEPRECATED_OBJC_IMPLEMENTATIONS = YES;
				CLANG_WARN_DIRECT_OBJC_ISA_USAGE = YES_ERROR;
				CLANG_WARN_DOCUMENTATION_COMMENTS = YES;
				CLANG_WARN_EMPTY_BODY = YES;
				CLANG_WARN_ENUM_CONVERSION = YES;
				CLANG_WARN_INFINITE_RECURSION = YES;
				CLANG_WARN_INT_CONVERSION = YES;
				CLANG_WARN_NON_LITERAL_NULL_CONVERSION = YES;
				CLANG_WARN_OBJC_IMPLICIT_RETAIN_SELF = YES;
				CLANG_WARN_OBJC_LITERAL_CONVERSION = YES;
				CLANG_WARN_OBJC_ROOT_CLASS = YES_ERROR;
				CLANG_WARN_RANGE_LOOP_ANALYSIS = YES;
				CLANG_WARN_STRICT_PROTOTYPES = YES;
				CLANG_WARN_SUSPICIOUS_MOVE = YES;
				CLANG_WARN_UNGUARDED_AVAILABILITY = YES_AGGRESSIVE;
				CLANG_WARN_UNREACHABLE_CODE = YES;
				CLANG_WARN__DUPLICATE_METHOD_MATCH = YES;
				COPY_PHASE_STRIP = NO;
				DEBUG_INFORMATION_FORMAT = "dwarf-with-dsym";
				ENABLE_NS_ASSERTIONS = NO;
				ENABLE_STRICT_OBJC_MSGSEND = YES;
				GCC_C_LANGUAGE_STANDARD = gnu11;
				GCC_NO_COMMON_BLOCKS = YES;
				GCC_WARN_64_TO_32_BIT_CONVERSION = YES;
				GCC_WARN_ABOUT_RETURN_TYPE = YES_ERROR;
				GCC_WARN_UNDECLARED_SELECTOR = YES;
				GCC_WARN_UNINITIALIZED_AUTOS = YES_AGGRESSIVE;
				GCC_WARN_UNUSED_FUNCTION = YES;
				GCC_WARN_UNUSED_VARIABLE = YES;
				IPHONEOS_DEPLOYMENT_TARGET = 13.2;
				MTL_ENABLE_DEBUG_INFO = NO;
				MTL_FAST_MATH = YES;
				SDKROOT = iphoneos;
				VALIDATE_PRODUCT = YES;
			};
			name = Release;
		};
		7031046B23709025001F7417 /* Debug */ = {
			isa = XCBuildConfiguration;
			buildSettings = {
				ASSETCATALOG_COMPILER_APPICON_NAME = AppIcon;
				CODE_SIGN_STYLE = Automatic;
				INFOPLIST_FILE = ui.portfolio/Info.plist;
				LD_RUNPATH_SEARCH_PATHS = (
					"$(inherited)",
					"@executable_path/Frameworks",
				);
				PRODUCT_BUNDLE_IDENTIFIER = "alec.linyard-gmail.com.ui-portfolio";
				PRODUCT_NAME = "$(TARGET_NAME)";
				TARGETED_DEVICE_FAMILY = "1,2";
			};
			name = Debug;
		};
		7031046C23709025001F7417 /* Release */ = {
			isa = XCBuildConfiguration;
			buildSettings = {
				ASSETCATALOG_COMPILER_APPICON_NAME = AppIcon;
				CODE_SIGN_STYLE = Automatic;
				INFOPLIST_FILE = ui.portfolio/Info.plist;
				LD_RUNPATH_SEARCH_PATHS = (
					"$(inherited)",
					"@executable_path/Frameworks",
				);
				PRODUCT_BUNDLE_IDENTIFIER = "alec.linyard-gmail.com.ui-portfolio";
				PRODUCT_NAME = "$(TARGET_NAME)";
				TARGETED_DEVICE_FAMILY = "1,2";
			};
			name = Release;
		};
/* End XCBuildConfiguration section */

/* Begin XCConfigurationList section */
		7031044C23709024001F7417 /* Build configuration list for PBXProject "ui.portfolio" */ = {
			isa = XCConfigurationList;
			buildConfigurations = (
				7031046823709025001F7417 /* Debug */,
				7031046923709025001F7417 /* Release */,
			);
			defaultConfigurationIsVisible = 0;
			defaultConfigurationName = Release;
		};
		7031046A23709025001F7417 /* Build configuration list for PBXNativeTarget "ui.portfolio" */ = {
			isa = XCConfigurationList;
			buildConfigurations = (
				7031046B23709025001F7417 /* Debug */,
				7031046C23709025001F7417 /* Release */,
			);
			defaultConfigurationIsVisible = 0;
			defaultConfigurationName = Release;
		};
/* End XCConfigurationList section */
	};
	rootObject = 7031044923709024001F7417 /* Project object */;
}
