// !$*UTF8*$!
{
	archiveVersion = 1;
	classes = {
	};
	objectVersion = 50;
	objects = {

/* Begin PBXBuildFile section */
		6D5429B523708A0A0059C604 /* AppDelegate.m in Sources */ = {isa = PBXBuildFile; fileRef = 6D5429B423708A0A0059C604 /* AppDelegate.m */; };
		6D5429B823708A0A0059C604 /* SceneDelegate.m in Sources */ = {isa = PBXBuildFile; fileRef = 6D5429B723708A0A0059C604 /* SceneDelegate.m */; };
		6D5429BB23708A0A0059C604 /* CalcController.m in Sources */ = {isa = PBXBuildFile; fileRef = 6D5429BA23708A0A0059C604 /* CalcController.m */; };
		6D5429BE23708A0A0059C604 /* Main.storyboard in Resources */ = {isa = PBXBuildFile; fileRef = 6D5429BC23708A0A0059C604 /* Main.storyboard */; };
		6D5429C023708A0C0059C604 /* Assets.xcassets in Resources */ = {isa = PBXBuildFile; fileRef = 6D5429BF23708A0C0059C604 /* Assets.xcassets */; };
		6D5429C323708A0C0059C604 /* LaunchScreen.storyboard in Resources */ = {isa = PBXBuildFile; fileRef = 6D5429C123708A0C0059C604 /* LaunchScreen.storyboard */; };
		6D5429C623708A0C0059C604 /* main.m in Sources */ = {isa = PBXBuildFile; fileRef = 6D5429C523708A0C0059C604 /* main.m */; };
		6D7036C92377B995004A956C /* PythController.m in Sources */ = {isa = PBXBuildFile; fileRef = 6D7036C82377B995004A956C /* PythController.m */; };
		6D7036D123788FAB004A956C /* FileIOController.m in Sources */ = {isa = PBXBuildFile; fileRef = 6D7036D023788FAB004A956C /* FileIOController.m */; };
		6D7036D423799330004A956C /* HistoController.m in Sources */ = {isa = PBXBuildFile; fileRef = 6D7036D323799330004A956C /* HistoController.m */; };
		6D7036D723799B80004A956C /* AlgoController.m in Sources */ = {isa = PBXBuildFile; fileRef = 6D7036D623799B80004A956C /* AlgoController.m */; };
		6D7036DA2379DA31004A956C /* fileparse.c in Sources */ = {isa = PBXBuildFile; fileRef = 6D7036D92379DA31004A956C /* fileparse.c */; };
		6D7036DC2379DA41004A956C /* programming.c in Sources */ = {isa = PBXBuildFile; fileRef = 6D7036DB2379DA41004A956C /* programming.c */; };
		6D7036DF2379DA59004A956C /* jumpers.c in Sources */ = {isa = PBXBuildFile; fileRef = 6D7036DE2379DA59004A956C /* jumpers.c */; };
		6D7036E12379DA95004A956C /* histogram.c in Sources */ = {isa = PBXBuildFile; fileRef = 6D7036E02379DA94004A956C /* histogram.c */; };
		6D8C4EB823D74B9E002B2B3D /* golfball.png in Resources */ = {isa = PBXBuildFile; fileRef = 6D8C4EB723D74B9E002B2B3D /* golfball.png */; };
		6DB666072371E7D600A89134 /* Calculator.storyboard in Resources */ = {isa = PBXBuildFile; fileRef = 6DB666062371E7D600A89134 /* Calculator.storyboard */; };
		6DB666092371ED4400A89134 /* FileIO.storyboard in Resources */ = {isa = PBXBuildFile; fileRef = 6DB666082371ED4400A89134 /* FileIO.storyboard */; };
		6DB666112372014200A89134 /* Histogram.storyboard in Resources */ = {isa = PBXBuildFile; fileRef = 6DB666102372014200A89134 /* Histogram.storyboard */; };
		6DB666132372021400A89134 /* AlgoSearch.storyboard in Resources */ = {isa = PBXBuildFile; fileRef = 6DB666122372021400A89134 /* AlgoSearch.storyboard */; };
		6DB666152372033B00A89134 /* Pythagoras.storyboard in Resources */ = {isa = PBXBuildFile; fileRef = 6DB666142372033B00A89134 /* Pythagoras.storyboard */; };
		6DB6661F23724E2100A89134 /* calc.c in Sources */ = {isa = PBXBuildFile; fileRef = 6DB6661E23724E2100A89134 /* calc.c */; };
		701C352823D9631C0079E481 /* directionalsright.png in Resources */ = {isa = PBXBuildFile; fileRef = 701C352723D9631C0079E481 /* directionalsright.png */; };
		7029097423E0A49E00F3239C /* golf3.storyboard in Resources */ = {isa = PBXBuildFile; fileRef = 7029097323E0A49E00F3239C /* golf3.storyboard */; };
		702B25F923E1E9BE006CAA3F /* pond.png in Resources */ = {isa = PBXBuildFile; fileRef = 702B25F823E1E9BE006CAA3F /* pond.png */; };
		7037040123E338FF00A24F95 /* orangePortal.png in Resources */ = {isa = PBXBuildFile; fileRef = 7037040023E338FF00A24F95 /* orangePortal.png */; };
		7037040323E3390F00A24F95 /* bluePortal.png in Resources */ = {isa = PBXBuildFile; fileRef = 7037040223E3390F00A24F95 /* bluePortal.png */; };
		7040FFCD23D8B1E600DB07FB /* golfCounter.c in Sources */ = {isa = PBXBuildFile; fileRef = 7040FFCC23D8B1E600DB07FB /* golfCounter.c */; };
		70485BC623A87D5800B03B91 /* Piglatin.storyboard in Resources */ = {isa = PBXBuildFile; fileRef = 70485BC523A87D5800B03B91 /* Piglatin.storyboard */; };
		704C29A223A7E8F500E0AC9A /* noVowels.c in Sources */ = {isa = PBXBuildFile; fileRef = 704C29A123A7E8F500E0AC9A /* noVowels.c */; };
		70524C8123EB2E3C007CD570 /* 10S.png in Resources */ = {isa = PBXBuildFile; fileRef = 70524C4123EB2E33007CD570 /* 10S.png */; };
		70524C8223EB2E3C007CD570 /* 4H.png in Resources */ = {isa = PBXBuildFile; fileRef = 70524C4223EB2E33007CD570 /* 4H.png */; };
		70524C8323EB2E3C007CD570 /* back_cards-07.png in Resources */ = {isa = PBXBuildFile; fileRef = 70524C4323EB2E34007CD570 /* back_cards-07.png */; };
		70524C8423EB2E3C007CD570 /* AC.png in Resources */ = {isa = PBXBuildFile; fileRef = 70524C4423EB2E34007CD570 /* AC.png */; };
		70524C8523EB2E3C007CD570 /* JH.png in Resources */ = {isa = PBXBuildFile; fileRef = 70524C4523EB2E34007CD570 /* JH.png */; };
		70524C8623EB2E3C007CD570 /* 5H.png in Resources */ = {isa = PBXBuildFile; fileRef = 70524C4623EB2E34007CD570 /* 5H.png */; };
		70524C8723EB2E3C007CD570 /* honors_spade-14.png in Resources */ = {isa = PBXBuildFile; fileRef = 70524C4723EB2E34007CD570 /* honors_spade-14.png */; };
		70524C8823EB2E3C007CD570 /* 8H.png in Resources */ = {isa = PBXBuildFile; fileRef = 70524C4823EB2E34007CD570 /* 8H.png */; };
		70524C8923EB2E3C007CD570 /* 2S.png in Resources */ = {isa = PBXBuildFile; fileRef = 70524C4923EB2E34007CD570 /* 2S.png */; };
		70524C8A23EB2E3C007CD570 /* KS.png in Resources */ = {isa = PBXBuildFile; fileRef = 70524C4A23EB2E34007CD570 /* KS.png */; };
		70524C8B23EB2E3C007CD570 /* 7H.png in Resources */ = {isa = PBXBuildFile; fileRef = 70524C4B23EB2E34007CD570 /* 7H.png */; };
		70524C8C23EB2E3C007CD570 /* 7S.png in Resources */ = {isa = PBXBuildFile; fileRef = 70524C4C23EB2E35007CD570 /* 7S.png */; };
		70524C8D23EB2E3C007CD570 /* QD.png in Resources */ = {isa = PBXBuildFile; fileRef = 70524C4D23EB2E35007CD570 /* QD.png */; };
		70524C8E23EB2E3C007CD570 /* AD.png in Resources */ = {isa = PBXBuildFile; fileRef = 70524C4E23EB2E35007CD570 /* AD.png */; };
		70524C8F23EB2E3C007CD570 /* honor_clubs.png in Resources */ = {isa = PBXBuildFile; fileRef = 70524C4F23EB2E35007CD570 /* honor_clubs.png */; };
		70524C9023EB2E3C007CD570 /* 7C.png in Resources */ = {isa = PBXBuildFile; fileRef = 70524C5023EB2E35007CD570 /* 7C.png */; };
		70524C9123EB2E3C007CD570 /* red_back.png in Resources */ = {isa = PBXBuildFile; fileRef = 70524C5123EB2E35007CD570 /* red_back.png */; };
		70524C9223EB2E3C007CD570 /* JC.png in Resources */ = {isa = PBXBuildFile; fileRef = 70524C5223EB2E35007CD570 /* JC.png */; };
		70524C9323EB2E3C007CD570 /* 10D.png in Resources */ = {isa = PBXBuildFile; fileRef = 70524C5323EB2E35007CD570 /* 10D.png */; };
		70524C9423EB2E3C007CD570 /* QC.png in Resources */ = {isa = PBXBuildFile; fileRef = 70524C5423EB2E35007CD570 /* QC.png */; };
		70524C9523EB2E3C007CD570 /* honor_diamond.png in Resources */ = {isa = PBXBuildFile; fileRef = 70524C5523EB2E36007CD570 /* honor_diamond.png */; };
		70524C9623EB2E3C007CD570 /* 6H.png in Resources */ = {isa = PBXBuildFile; fileRef = 70524C5623EB2E36007CD570 /* 6H.png */; };
		70524C9723EB2E3C007CD570 /* 7D.png in Resources */ = {isa = PBXBuildFile; fileRef = 70524C5723EB2E36007CD570 /* 7D.png */; };
		70524C9823EB2E3C007CD570 /* 2H.png in Resources */ = {isa = PBXBuildFile; fileRef = 70524C5823EB2E36007CD570 /* 2H.png */; };
		70524C9923EB2E3C007CD570 /* 9S.png in Resources */ = {isa = PBXBuildFile; fileRef = 70524C5923EB2E36007CD570 /* 9S.png */; };
		70524C9A23EB2E3C007CD570 /* 2C.png in Resources */ = {isa = PBXBuildFile; fileRef = 70524C5A23EB2E36007CD570 /* 2C.png */; };
		70524C9B23EB2E3C007CD570 /* 8C.png in Resources */ = {isa = PBXBuildFile; fileRef = 70524C5B23EB2E36007CD570 /* 8C.png */; };
		70524C9C23EB2E3C007CD570 /* 4S.png in Resources */ = {isa = PBXBuildFile; fileRef = 70524C5C23EB2E36007CD570 /* 4S.png */; };
		70524C9D23EB2E3C007CD570 /* AS.png in Resources */ = {isa = PBXBuildFile; fileRef = 70524C5D23EB2E37007CD570 /* AS.png */; };
		70524C9E23EB2E3C007CD570 /* yellow_back.png in Resources */ = {isa = PBXBuildFile; fileRef = 70524C5E23EB2E37007CD570 /* yellow_back.png */; };
		70524C9F23EB2E3C007CD570 /* 2D.png in Resources */ = {isa = PBXBuildFile; fileRef = 70524C5F23EB2E37007CD570 /* 2D.png */; };
		70524CA023EB2E3C007CD570 /* 5S.png in Resources */ = {isa = PBXBuildFile; fileRef = 70524C6023EB2E37007CD570 /* 5S.png */; };
		70524CA123EB2E3C007CD570 /* 6D.png in Resources */ = {isa = PBXBuildFile; fileRef = 70524C6123EB2E37007CD570 /* 6D.png */; };
		70524CA223EB2E3C007CD570 /* 3H.png in Resources */ = {isa = PBXBuildFile; fileRef = 70524C6223EB2E37007CD570 /* 3H.png */; };
		70524CA323EB2E3C007CD570 /* gray_back.png in Resources */ = {isa = PBXBuildFile; fileRef = 70524C6323EB2E38007CD570 /* gray_back.png */; };
		70524CA423EB2E3C007CD570 /* 10H.png in Resources */ = {isa = PBXBuildFile; fileRef = 70524C6423EB2E38007CD570 /* 10H.png */; };
		70524CA523EB2E3C007CD570 /* blue_back.png in Resources */ = {isa = PBXBuildFile; fileRef = 70524C6523EB2E38007CD570 /* blue_back.png */; };
		70524CA623EB2E3C007CD570 /* purple_back.png in Resources */ = {isa = PBXBuildFile; fileRef = 70524C6623EB2E38007CD570 /* purple_back.png */; };
		70524CA723EB2E3C007CD570 /* QH.png in Resources */ = {isa = PBXBuildFile; fileRef = 70524C6723EB2E38007CD570 /* QH.png */; };
		70524CA823EB2E3C007CD570 /* aces.png in Resources */ = {isa = PBXBuildFile; fileRef = 70524C6823EB2E38007CD570 /* aces.png */; };
		70524CA923EB2E3C007CD570 /* JD.png in Resources */ = {isa = PBXBuildFile; fileRef = 70524C6923EB2E39007CD570 /* JD.png */; };
		70524CAA23EB2E3C007CD570 /* 3S.png in Resources */ = {isa = PBXBuildFile; fileRef = 70524C6A23EB2E39007CD570 /* 3S.png */; };
		70524CAB23EB2E3C007CD570 /* 8D.png in Resources */ = {isa = PBXBuildFile; fileRef = 70524C6B23EB2E39007CD570 /* 8D.png */; };
		70524CAC23EB2E3C007CD570 /* green_back.png in Resources */ = {isa = PBXBuildFile; fileRef = 70524C6C23EB2E39007CD570 /* green_back.png */; };
		70524CAD23EB2E3C007CD570 /* 9H.png in Resources */ = {isa = PBXBuildFile; fileRef = 70524C6D23EB2E39007CD570 /* 9H.png */; };
		70524CAE23EB2E3C007CD570 /* 5C.png in Resources */ = {isa = PBXBuildFile; fileRef = 70524C6E23EB2E39007CD570 /* 5C.png */; };
		70524CAF23EB2E3C007CD570 /* 10C.png in Resources */ = {isa = PBXBuildFile; fileRef = 70524C6F23EB2E39007CD570 /* 10C.png */; };
		70524CB023EB2E3C007CD570 /* 3C.png in Resources */ = {isa = PBXBuildFile; fileRef = 70524C7023EB2E39007CD570 /* 3C.png */; };
		70524CB123EB2E3C007CD570 /* 3D.png in Resources */ = {isa = PBXBuildFile; fileRef = 70524C7123EB2E3A007CD570 /* 3D.png */; };
		70524CB223EB2E3C007CD570 /* 6S.png in Resources */ = {isa = PBXBuildFile; fileRef = 70524C7223EB2E3A007CD570 /* 6S.png */; };
		70524CB323EB2E3C007CD570 /* 9D.png in Resources */ = {isa = PBXBuildFile; fileRef = 70524C7323EB2E3A007CD570 /* 9D.png */; };
		70524CB423EB2E3C007CD570 /* 4C.png in Resources */ = {isa = PBXBuildFile; fileRef = 70524C7423EB2E3A007CD570 /* 4C.png */; };
		70524CB523EB2E3C007CD570 /* KD.png in Resources */ = {isa = PBXBuildFile; fileRef = 70524C7523EB2E3A007CD570 /* KD.png */; };
		70524CB623EB2E3C007CD570 /* 9C.png in Resources */ = {isa = PBXBuildFile; fileRef = 70524C7623EB2E3B007CD570 /* 9C.png */; };
		70524CB723EB2E3C007CD570 /* 6C.png in Resources */ = {isa = PBXBuildFile; fileRef = 70524C7723EB2E3B007CD570 /* 6C.png */; };
		70524CB823EB2E3C007CD570 /* 4D.png in Resources */ = {isa = PBXBuildFile; fileRef = 70524C7823EB2E3B007CD570 /* 4D.png */; };
		70524CB923EB2E3C007CD570 /* 8S.png in Resources */ = {isa = PBXBuildFile; fileRef = 70524C7923EB2E3B007CD570 /* 8S.png */; };
		70524CBA23EB2E3C007CD570 /* honor_heart-14.png in Resources */ = {isa = PBXBuildFile; fileRef = 70524C7A23EB2E3B007CD570 /* honor_heart-14.png */; };
		70524CBB23EB2E3C007CD570 /* KC.png in Resources */ = {isa = PBXBuildFile; fileRef = 70524C7B23EB2E3B007CD570 /* KC.png */; };
		70524CBC23EB2E3C007CD570 /* 5D.png in Resources */ = {isa = PBXBuildFile; fileRef = 70524C7C23EB2E3B007CD570 /* 5D.png */; };
		70524CBD23EB2E3C007CD570 /* AH.png in Resources */ = {isa = PBXBuildFile; fileRef = 70524C7D23EB2E3B007CD570 /* AH.png */; };
		70524CBE23EB2E3C007CD570 /* KH.png in Resources */ = {isa = PBXBuildFile; fileRef = 70524C7E23EB2E3C007CD570 /* KH.png */; };
		70524CBF23EB2E3C007CD570 /* JS.png in Resources */ = {isa = PBXBuildFile; fileRef = 70524C7F23EB2E3C007CD570 /* JS.png */; };
		70524CC023EB2E3C007CD570 /* QS.png in Resources */ = {isa = PBXBuildFile; fileRef = 70524C8023EB2E3C007CD570 /* QS.png */; };
		70524CC223EB2F31007CD570 /* warCards.storyboard in Resources */ = {isa = PBXBuildFile; fileRef = 70524CC123EB2F31007CD570 /* warCards.storyboard */; };
		70B37D0323D974B500DBC7D3 /* directionalsleft.png in Resources */ = {isa = PBXBuildFile; fileRef = 70B37D0223D974B500DBC7D3 /* directionalsleft.png */; };
		70B50FD223D2185500930A8D /* topTree.png in Resources */ = {isa = PBXBuildFile; fileRef = 70B50FD123D2185500930A8D /* topTree.png */; };
		70B50FD523D21EBD00930A8D /* golf2.storyboard in Resources */ = {isa = PBXBuildFile; fileRef = 70B50FD423D21EBC00930A8D /* golf2.storyboard */; };
		70B836352398185400D77BBF /* Reverse.storyboard in Resources */ = {isa = PBXBuildFile; fileRef = 70B836342398185400D77BBF /* Reverse.storyboard */; };
		70B836372398187700D77BBF /* ReverseController.m in Sources */ = {isa = PBXBuildFile; fileRef = 70B836362398187700D77BBF /* ReverseController.m */; };
		70CC4E2A23C78A4300B85592 /* pointers.c in Sources */ = {isa = PBXBuildFile; fileRef = 70CC4E2923C78A4300B85592 /* pointers.c */; };
		70ED10B62396D71D00B37A07 /* reverse.c in Sources */ = {isa = PBXBuildFile; fileRef = 70ED10B52396D71D00B37A07 /* reverse.c */; };
		70F1705423CF72D400BCEBBA /* Golf.storyboard in Resources */ = {isa = PBXBuildFile; fileRef = 70F1705323CF72D400BCEBBA /* Golf.storyboard */; };
		70F1705623CF72F200BCEBBA /* GolfController.m in Sources */ = {isa = PBXBuildFile; fileRef = 70F1705523CF72F200BCEBBA /* GolfController.m */; };
		70F8278D23A944EF00086EF6 /* PiglatinController.m in Sources */ = {isa = PBXBuildFile; fileRef = 70F8278C23A944EF00086EF6 /* PiglatinController.m */; };
/* End PBXBuildFile section */

/* Begin PBXFileReference section */
		6D5429B023708A0A0059C604 /* Uiportfolio.app */ = {isa = PBXFileReference; explicitFileType = wrapper.application; includeInIndex = 0; path = Uiportfolio.app; sourceTree = BUILT_PRODUCTS_DIR; };
		6D5429B323708A0A0059C604 /* AppDelegate.h */ = {isa = PBXFileReference; lastKnownFileType = sourcecode.c.h; path = AppDelegate.h; sourceTree = "<group>"; };
		6D5429B423708A0A0059C604 /* AppDelegate.m */ = {isa = PBXFileReference; lastKnownFileType = sourcecode.c.objc; path = AppDelegate.m; sourceTree = "<group>"; };
		6D5429B623708A0A0059C604 /* SceneDelegate.h */ = {isa = PBXFileReference; lastKnownFileType = sourcecode.c.h; path = SceneDelegate.h; sourceTree = "<group>"; };
		6D5429B723708A0A0059C604 /* SceneDelegate.m */ = {isa = PBXFileReference; lastKnownFileType = sourcecode.c.objc; path = SceneDelegate.m; sourceTree = "<group>"; };
		6D5429B923708A0A0059C604 /* CalcController.h */ = {isa = PBXFileReference; lastKnownFileType = sourcecode.c.h; path = CalcController.h; sourceTree = "<group>"; };
		6D5429BA23708A0A0059C604 /* CalcController.m */ = {isa = PBXFileReference; lastKnownFileType = sourcecode.c.objc; path = CalcController.m; sourceTree = "<group>"; };
		6D5429BD23708A0A0059C604 /* Base */ = {isa = PBXFileReference; lastKnownFileType = file.storyboard; name = Base; path = Base.lproj/Main.storyboard; sourceTree = "<group>"; };
		6D5429BF23708A0C0059C604 /* Assets.xcassets */ = {isa = PBXFileReference; lastKnownFileType = folder.assetcatalog; path = Assets.xcassets; sourceTree = "<group>"; };
		6D5429C223708A0C0059C604 /* Base */ = {isa = PBXFileReference; lastKnownFileType = file.storyboard; name = Base; path = Base.lproj/LaunchScreen.storyboard; sourceTree = "<group>"; };
		6D5429C423708A0C0059C604 /* Info.plist */ = {isa = PBXFileReference; lastKnownFileType = text.plist.xml; path = Info.plist; sourceTree = "<group>"; };
		6D5429C523708A0C0059C604 /* main.m */ = {isa = PBXFileReference; lastKnownFileType = sourcecode.c.objc; path = main.m; sourceTree = "<group>"; };
		6D7036C82377B995004A956C /* PythController.m */ = {isa = PBXFileReference; fileEncoding = 4; lastKnownFileType = sourcecode.c.objc; path = PythController.m; sourceTree = "<group>"; };
		6D7036CA2377B9CA004A956C /* PythController.h */ = {isa = PBXFileReference; fileEncoding = 4; lastKnownFileType = sourcecode.c.h; path = PythController.h; sourceTree = "<group>"; };
		6D7036D023788FAB004A956C /* FileIOController.m */ = {isa = PBXFileReference; fileEncoding = 4; lastKnownFileType = sourcecode.c.objc; path = FileIOController.m; sourceTree = "<group>"; };
		6D7036D223788FC7004A956C /* FileIOController.h */ = {isa = PBXFileReference; fileEncoding = 4; lastKnownFileType = sourcecode.c.h; path = FileIOController.h; sourceTree = "<group>"; };
		6D7036D323799330004A956C /* HistoController.m */ = {isa = PBXFileReference; fileEncoding = 4; lastKnownFileType = sourcecode.c.objc; path = HistoController.m; sourceTree = "<group>"; };
		6D7036D523799384004A956C /* HistoController.h */ = {isa = PBXFileReference; fileEncoding = 4; lastKnownFileType = sourcecode.c.h; path = HistoController.h; sourceTree = "<group>"; };
		6D7036D623799B80004A956C /* AlgoController.m */ = {isa = PBXFileReference; lastKnownFileType = sourcecode.c.objc; path = AlgoController.m; sourceTree = "<group>"; };
		6D7036D823799BBF004A956C /* AlgoController.h */ = {isa = PBXFileReference; fileEncoding = 4; lastKnownFileType = sourcecode.c.h; path = AlgoController.h; sourceTree = "<group>"; };
		6D7036D92379DA31004A956C /* fileparse.c */ = {isa = PBXFileReference; fileEncoding = 4; lastKnownFileType = sourcecode.c.c; path = fileparse.c; sourceTree = "<group>"; };
		6D7036DB2379DA41004A956C /* programming.c */ = {isa = PBXFileReference; fileEncoding = 4; lastKnownFileType = sourcecode.c.c; path = programming.c; sourceTree = "<group>"; };
		6D7036DE2379DA59004A956C /* jumpers.c */ = {isa = PBXFileReference; fileEncoding = 4; lastKnownFileType = sourcecode.c.c; path = jumpers.c; sourceTree = "<group>"; };
		6D7036E02379DA94004A956C /* histogram.c */ = {isa = PBXFileReference; fileEncoding = 4; lastKnownFileType = sourcecode.c.c; path = histogram.c; sourceTree = "<group>"; };
		6D7036E22379DAE0004A956C /* control.h */ = {isa = PBXFileReference; lastKnownFileType = sourcecode.c.h; path = control.h; sourceTree = "<group>"; };
		6D8C4EB723D74B9E002B2B3D /* golfball.png */ = {isa = PBXFileReference; lastKnownFileType = image.png; path = golfball.png; sourceTree = "<group>"; };
		6DB666062371E7D600A89134 /* Calculator.storyboard */ = {isa = PBXFileReference; lastKnownFileType = file.storyboard; path = Calculator.storyboard; sourceTree = "<group>"; };
		6DB666082371ED4400A89134 /* FileIO.storyboard */ = {isa = PBXFileReference; lastKnownFileType = file.storyboard; path = FileIO.storyboard; sourceTree = "<group>"; };
		6DB666102372014200A89134 /* Histogram.storyboard */ = {isa = PBXFileReference; lastKnownFileType = file.storyboard; path = Histogram.storyboard; sourceTree = "<group>"; };
		6DB666122372021400A89134 /* AlgoSearch.storyboard */ = {isa = PBXFileReference; lastKnownFileType = file.storyboard; path = AlgoSearch.storyboard; sourceTree = "<group>"; };
		6DB666142372033B00A89134 /* Pythagoras.storyboard */ = {isa = PBXFileReference; lastKnownFileType = file.storyboard; path = Pythagoras.storyboard; sourceTree = "<group>"; };
		6DB6661E23724E2100A89134 /* calc.c */ = {isa = PBXFileReference; lastKnownFileType = sourcecode.c.c; path = calc.c; sourceTree = "<group>"; };
		701C352723D9631C0079E481 /* directionalsright.png */ = {isa = PBXFileReference; lastKnownFileType = image.png; path = directionalsright.png; sourceTree = "<group>"; };
		7029097323E0A49E00F3239C /* golf3.storyboard */ = {isa = PBXFileReference; lastKnownFileType = file.storyboard; path = golf3.storyboard; sourceTree = "<group>"; };
		702B25F823E1E9BE006CAA3F /* pond.png */ = {isa = PBXFileReference; lastKnownFileType = image.png; path = pond.png; sourceTree = "<group>"; };
		7037040023E338FF00A24F95 /* orangePortal.png */ = {isa = PBXFileReference; lastKnownFileType = image.png; path = orangePortal.png; sourceTree = "<group>"; };
		7037040223E3390F00A24F95 /* bluePortal.png */ = {isa = PBXFileReference; lastKnownFileType = image.png; path = bluePortal.png; sourceTree = "<group>"; };
		7040FFCC23D8B1E600DB07FB /* golfCounter.c */ = {isa = PBXFileReference; lastKnownFileType = sourcecode.c.c; path = golfCounter.c; sourceTree = "<group>"; };
		70485BC523A87D5800B03B91 /* Piglatin.storyboard */ = {isa = PBXFileReference; lastKnownFileType = file.storyboard; path = Piglatin.storyboard; sourceTree = "<group>"; };
		704C299F23A7E61400E0AC9A /* PiglatinController.h */ = {isa = PBXFileReference; lastKnownFileType = sourcecode.c.h; path = PiglatinController.h; sourceTree = "<group>"; };
		704C29A123A7E8F500E0AC9A /* noVowels.c */ = {isa = PBXFileReference; lastKnownFileType = sourcecode.c.c; path = noVowels.c; sourceTree = "<group>"; };
		70524C4123EB2E33007CD570 /* 10S.png */ = {isa = PBXFileReference; lastKnownFileType = image.png; path = 10S.png; sourceTree = "<group>"; };
		70524C4223EB2E33007CD570 /* 4H.png */ = {isa = PBXFileReference; lastKnownFileType = image.png; path = 4H.png; sourceTree = "<group>"; };
		70524C4323EB2E34007CD570 /* back_cards-07.png */ = {isa = PBXFileReference; lastKnownFileType = image.png; path = "back_cards-07.png"; sourceTree = "<group>"; };
		70524C4423EB2E34007CD570 /* AC.png */ = {isa = PBXFileReference; lastKnownFileType = image.png; path = AC.png; sourceTree = "<group>"; };
		70524C4523EB2E34007CD570 /* JH.png */ = {isa = PBXFileReference; lastKnownFileType = image.png; path = JH.png; sourceTree = "<group>"; };
		70524C4623EB2E34007CD570 /* 5H.png */ = {isa = PBXFileReference; lastKnownFileType = image.png; path = 5H.png; sourceTree = "<group>"; };
		70524C4723EB2E34007CD570 /* honors_spade-14.png */ = {isa = PBXFileReference; lastKnownFileType = image.png; path = "honors_spade-14.png"; sourceTree = "<group>"; };
		70524C4823EB2E34007CD570 /* 8H.png */ = {isa = PBXFileReference; lastKnownFileType = image.png; path = 8H.png; sourceTree = "<group>"; };
		70524C4923EB2E34007CD570 /* 2S.png */ = {isa = PBXFileReference; lastKnownFileType = image.png; path = 2S.png; sourceTree = "<group>"; };
		70524C4A23EB2E34007CD570 /* KS.png */ = {isa = PBXFileReference; lastKnownFileType = image.png; path = KS.png; sourceTree = "<group>"; };
		70524C4B23EB2E34007CD570 /* 7H.png */ = {isa = PBXFileReference; lastKnownFileType = image.png; path = 7H.png; sourceTree = "<group>"; };
		70524C4C23EB2E35007CD570 /* 7S.png */ = {isa = PBXFileReference; lastKnownFileType = image.png; path = 7S.png; sourceTree = "<group>"; };
		70524C4D23EB2E35007CD570 /* QD.png */ = {isa = PBXFileReference; lastKnownFileType = image.png; path = QD.png; sourceTree = "<group>"; };
		70524C4E23EB2E35007CD570 /* AD.png */ = {isa = PBXFileReference; lastKnownFileType = image.png; path = AD.png; sourceTree = "<group>"; };
		70524C4F23EB2E35007CD570 /* honor_clubs.png */ = {isa = PBXFileReference; lastKnownFileType = image.png; path = honor_clubs.png; sourceTree = "<group>"; };
		70524C5023EB2E35007CD570 /* 7C.png */ = {isa = PBXFileReference; lastKnownFileType = image.png; path = 7C.png; sourceTree = "<group>"; };
		70524C5123EB2E35007CD570 /* red_back.png */ = {isa = PBXFileReference; lastKnownFileType = image.png; path = red_back.png; sourceTree = "<group>"; };
		70524C5223EB2E35007CD570 /* JC.png */ = {isa = PBXFileReference; lastKnownFileType = image.png; path = JC.png; sourceTree = "<group>"; };
		70524C5323EB2E35007CD570 /* 10D.png */ = {isa = PBXFileReference; lastKnownFileType = image.png; path = 10D.png; sourceTree = "<group>"; };
		70524C5423EB2E35007CD570 /* QC.png */ = {isa = PBXFileReference; lastKnownFileType = image.png; path = QC.png; sourceTree = "<group>"; };
		70524C5523EB2E36007CD570 /* honor_diamond.png */ = {isa = PBXFileReference; lastKnownFileType = image.png; path = honor_diamond.png; sourceTree = "<group>"; };
		70524C5623EB2E36007CD570 /* 6H.png */ = {isa = PBXFileReference; lastKnownFileType = image.png; path = 6H.png; sourceTree = "<group>"; };
		70524C5723EB2E36007CD570 /* 7D.png */ = {isa = PBXFileReference; lastKnownFileType = image.png; path = 7D.png; sourceTree = "<group>"; };
		70524C5823EB2E36007CD570 /* 2H.png */ = {isa = PBXFileReference; lastKnownFileType = image.png; path = 2H.png; sourceTree = "<group>"; };
		70524C5923EB2E36007CD570 /* 9S.png */ = {isa = PBXFileReference; lastKnownFileType = image.png; path = 9S.png; sourceTree = "<group>"; };
		70524C5A23EB2E36007CD570 /* 2C.png */ = {isa = PBXFileReference; lastKnownFileType = image.png; path = 2C.png; sourceTree = "<group>"; };
		70524C5B23EB2E36007CD570 /* 8C.png */ = {isa = PBXFileReference; lastKnownFileType = image.png; path = 8C.png; sourceTree = "<group>"; };
		70524C5C23EB2E36007CD570 /* 4S.png */ = {isa = PBXFileReference; lastKnownFileType = image.png; path = 4S.png; sourceTree = "<group>"; };
		70524C5D23EB2E37007CD570 /* AS.png */ = {isa = PBXFileReference; lastKnownFileType = image.png; path = AS.png; sourceTree = "<group>"; };
		70524C5E23EB2E37007CD570 /* yellow_back.png */ = {isa = PBXFileReference; lastKnownFileType = image.png; path = yellow_back.png; sourceTree = "<group>"; };
		70524C5F23EB2E37007CD570 /* 2D.png */ = {isa = PBXFileReference; lastKnownFileType = image.png; path = 2D.png; sourceTree = "<group>"; };
		70524C6023EB2E37007CD570 /* 5S.png */ = {isa = PBXFileReference; lastKnownFileType = image.png; path = 5S.png; sourceTree = "<group>"; };
		70524C6123EB2E37007CD570 /* 6D.png */ = {isa = PBXFileReference; lastKnownFileType = image.png; path = 6D.png; sourceTree = "<group>"; };
		70524C6223EB2E37007CD570 /* 3H.png */ = {isa = PBXFileReference; lastKnownFileType = image.png; path = 3H.png; sourceTree = "<group>"; };
		70524C6323EB2E38007CD570 /* gray_back.png */ = {isa = PBXFileReference; lastKnownFileType = image.png; path = gray_back.png; sourceTree = "<group>"; };
		70524C6423EB2E38007CD570 /* 10H.png */ = {isa = PBXFileReference; lastKnownFileType = image.png; path = 10H.png; sourceTree = "<group>"; };
		70524C6523EB2E38007CD570 /* blue_back.png */ = {isa = PBXFileReference; lastKnownFileType = image.png; path = blue_back.png; sourceTree = "<group>"; };
		70524C6623EB2E38007CD570 /* purple_back.png */ = {isa = PBXFileReference; lastKnownFileType = image.png; path = purple_back.png; sourceTree = "<group>"; };
		70524C6723EB2E38007CD570 /* QH.png */ = {isa = PBXFileReference; lastKnownFileType = image.png; path = QH.png; sourceTree = "<group>"; };
		70524C6823EB2E38007CD570 /* aces.png */ = {isa = PBXFileReference; lastKnownFileType = image.png; path = aces.png; sourceTree = "<group>"; };
		70524C6923EB2E39007CD570 /* JD.png */ = {isa = PBXFileReference; lastKnownFileType = image.png; path = JD.png; sourceTree = "<group>"; };
		70524C6A23EB2E39007CD570 /* 3S.png */ = {isa = PBXFileReference; lastKnownFileType = image.png; path = 3S.png; sourceTree = "<group>"; };
		70524C6B23EB2E39007CD570 /* 8D.png */ = {isa = PBXFileReference; lastKnownFileType = image.png; path = 8D.png; sourceTree = "<group>"; };
		70524C6C23EB2E39007CD570 /* green_back.png */ = {isa = PBXFileReference; lastKnownFileType = image.png; path = green_back.png; sourceTree = "<group>"; };
		70524C6D23EB2E39007CD570 /* 9H.png */ = {isa = PBXFileReference; lastKnownFileType = image.png; path = 9H.png; sourceTree = "<group>"; };
		70524C6E23EB2E39007CD570 /* 5C.png */ = {isa = PBXFileReference; lastKnownFileType = image.png; path = 5C.png; sourceTree = "<group>"; };
		70524C6F23EB2E39007CD570 /* 10C.png */ = {isa = PBXFileReference; lastKnownFileType = image.png; path = 10C.png; sourceTree = "<group>"; };
		70524C7023EB2E39007CD570 /* 3C.png */ = {isa = PBXFileReference; lastKnownFileType = image.png; path = 3C.png; sourceTree = "<group>"; };
		70524C7123EB2E3A007CD570 /* 3D.png */ = {isa = PBXFileReference; lastKnownFileType = image.png; path = 3D.png; sourceTree = "<group>"; };
		70524C7223EB2E3A007CD570 /* 6S.png */ = {isa = PBXFileReference; lastKnownFileType = image.png; path = 6S.png; sourceTree = "<group>"; };
		70524C7323EB2E3A007CD570 /* 9D.png */ = {isa = PBXFileReference; lastKnownFileType = image.png; path = 9D.png; sourceTree = "<group>"; };
		70524C7423EB2E3A007CD570 /* 4C.png */ = {isa = PBXFileReference; lastKnownFileType = image.png; path = 4C.png; sourceTree = "<group>"; };
		70524C7523EB2E3A007CD570 /* KD.png */ = {isa = PBXFileReference; lastKnownFileType = image.png; path = KD.png; sourceTree = "<group>"; };
		70524C7623EB2E3B007CD570 /* 9C.png */ = {isa = PBXFileReference; lastKnownFileType = image.png; path = 9C.png; sourceTree = "<group>"; };
		70524C7723EB2E3B007CD570 /* 6C.png */ = {isa = PBXFileReference; lastKnownFileType = image.png; path = 6C.png; sourceTree = "<group>"; };
		70524C7823EB2E3B007CD570 /* 4D.png */ = {isa = PBXFileReference; lastKnownFileType = image.png; path = 4D.png; sourceTree = "<group>"; };
		70524C7923EB2E3B007CD570 /* 8S.png */ = {isa = PBXFileReference; lastKnownFileType = image.png; path = 8S.png; sourceTree = "<group>"; };
		70524C7A23EB2E3B007CD570 /* honor_heart-14.png */ = {isa = PBXFileReference; lastKnownFileType = image.png; path = "honor_heart-14.png"; sourceTree = "<group>"; };
		70524C7B23EB2E3B007CD570 /* KC.png */ = {isa = PBXFileReference; lastKnownFileType = image.png; path = KC.png; sourceTree = "<group>"; };
		70524C7C23EB2E3B007CD570 /* 5D.png */ = {isa = PBXFileReference; lastKnownFileType = image.png; path = 5D.png; sourceTree = "<group>"; };
		70524C7D23EB2E3B007CD570 /* AH.png */ = {isa = PBXFileReference; lastKnownFileType = image.png; path = AH.png; sourceTree = "<group>"; };
		70524C7E23EB2E3C007CD570 /* KH.png */ = {isa = PBXFileReference; lastKnownFileType = image.png; path = KH.png; sourceTree = "<group>"; };
		70524C7F23EB2E3C007CD570 /* JS.png */ = {isa = PBXFileReference; lastKnownFileType = image.png; path = JS.png; sourceTree = "<group>"; };
		70524C8023EB2E3C007CD570 /* QS.png */ = {isa = PBXFileReference; lastKnownFileType = image.png; path = QS.png; sourceTree = "<group>"; };
		70524CC123EB2F31007CD570 /* warCards.storyboard */ = {isa = PBXFileReference; lastKnownFileType = file.storyboard; path = warCards.storyboard; sourceTree = "<group>"; };
		70B37D0223D974B500DBC7D3 /* directionalsleft.png */ = {isa = PBXFileReference; lastKnownFileType = image.png; path = directionalsleft.png; sourceTree = "<group>"; };
		70B50FD123D2185500930A8D /* topTree.png */ = {isa = PBXFileReference; lastKnownFileType = image.png; path = topTree.png; sourceTree = "<group>"; };
		70B50FD423D21EBC00930A8D /* golf2.storyboard */ = {isa = PBXFileReference; lastKnownFileType = file.storyboard; path = golf2.storyboard; sourceTree = "<group>"; };
		70B836332398127400D77BBF /* ReverseController.h */ = {isa = PBXFileReference; lastKnownFileType = sourcecode.c.h; path = ReverseController.h; sourceTree = "<group>"; };
		70B836342398185400D77BBF /* Reverse.storyboard */ = {isa = PBXFileReference; lastKnownFileType = file.storyboard; path = Reverse.storyboard; sourceTree = "<group>"; };
		70B836362398187700D77BBF /* ReverseController.m */ = {isa = PBXFileReference; lastKnownFileType = sourcecode.c.objc; path = ReverseController.m; sourceTree = "<group>"; };
		70CC4E2923C78A4300B85592 /* pointers.c */ = {isa = PBXFileReference; lastKnownFileType = sourcecode.c.c; path = pointers.c; sourceTree = "<group>"; };
		70ED10B52396D71D00B37A07 /* reverse.c */ = {isa = PBXFileReference; lastKnownFileType = sourcecode.c.c; path = reverse.c; sourceTree = "<group>"; };
		70F1705323CF72D400BCEBBA /* Golf.storyboard */ = {isa = PBXFileReference; lastKnownFileType = file.storyboard; path = Golf.storyboard; sourceTree = "<group>"; };
		70F1705523CF72F200BCEBBA /* GolfController.m */ = {isa = PBXFileReference; lastKnownFileType = sourcecode.c.objc; path = GolfController.m; sourceTree = "<group>"; };
		70F1705723CF72FD00BCEBBA /* GolfController.h */ = {isa = PBXFileReference; lastKnownFileType = sourcecode.c.h; path = GolfController.h; sourceTree = "<group>"; };
		70F8278C23A944EF00086EF6 /* PiglatinController.m */ = {isa = PBXFileReference; lastKnownFileType = sourcecode.c.objc; path = PiglatinController.m; sourceTree = "<group>"; };
/* End PBXFileReference section */

/* Begin PBXFrameworksBuildPhase section */
		6D5429AD23708A0A0059C604 /* Frameworks */ = {
			isa = PBXFrameworksBuildPhase;
			buildActionMask = 2147483647;
			files = (
			);
			runOnlyForDeploymentPostprocessing = 0;
		};
/* End PBXFrameworksBuildPhase section */

/* Begin PBXGroup section */
		6D5429A723708A0A0059C604 = {
			isa = PBXGroup;
			children = (
				6D5429B223708A0A0059C604 /* Uiportfolio */,
				6D5429B123708A0A0059C604 /* Products */,
			);
			sourceTree = "<group>";
		};
		6D5429B123708A0A0059C604 /* Products */ = {
			isa = PBXGroup;
			children = (
				6D5429B023708A0A0059C604 /* Uiportfolio.app */,
			);
			name = Products;
			sourceTree = "<group>";
		};
		6D5429B223708A0A0059C604 /* Uiportfolio */ = {
			isa = PBXGroup;
			children = (
				6D5429C523708A0C0059C604 /* main.m */,
				6D5429C423708A0C0059C604 /* Info.plist */,
				6DB66605237135FB00A89134 /* Models */,
				6DB66603237135DD00A89134 /* Views */,
				6DB66604237135ED00A89134 /* ViewControllers */,
				6DB6661C23724DD400A89134 /* Control */,
			);
			path = Uiportfolio;
			sourceTree = "<group>";
		};
		6DB66603237135DD00A89134 /* Views */ = {
			isa = PBXGroup;
			children = (
				70524BBF23EB2DCE007CD570 /* Cards */,
				70B50FD323D21EA400930A8D /* Golf */,
				6D5429C123708A0C0059C604 /* LaunchScreen.storyboard */,
				6D5429BC23708A0A0059C604 /* Main.storyboard */,
				6DB666122372021400A89134 /* AlgoSearch.storyboard */,
				6DB666062371E7D600A89134 /* Calculator.storyboard */,
				6DB666082371ED4400A89134 /* FileIO.storyboard */,
				6DB666102372014200A89134 /* Histogram.storyboard */,
				6DB666142372033B00A89134 /* Pythagoras.storyboard */,
				70B836342398185400D77BBF /* Reverse.storyboard */,
				70485BC523A87D5800B03B91 /* Piglatin.storyboard */,
				6D5429BF23708A0C0059C604 /* Assets.xcassets */,
			);
			path = Views;
			sourceTree = "<group>";
		};
		6DB66604237135ED00A89134 /* ViewControllers */ = {
			isa = PBXGroup;
			children = (
				6D7036D623799B80004A956C /* AlgoController.m */,
				6D7036D823799BBF004A956C /* AlgoController.h */,
				6D5429BA23708A0A0059C604 /* CalcController.m */,
				6D5429B923708A0A0059C604 /* CalcController.h */,
				6D7036D023788FAB004A956C /* FileIOController.m */,
				6D7036D223788FC7004A956C /* FileIOController.h */,
				6D7036D323799330004A956C /* HistoController.m */,
				6D7036D523799384004A956C /* HistoController.h */,
				6D7036C82377B995004A956C /* PythController.m */,
				6D7036CA2377B9CA004A956C /* PythController.h */,
				70B836362398187700D77BBF /* ReverseController.m */,
				70B836332398127400D77BBF /* ReverseController.h */,
				70F8278C23A944EF00086EF6 /* PiglatinController.m */,
				704C299F23A7E61400E0AC9A /* PiglatinController.h */,
				70F1705523CF72F200BCEBBA /* GolfController.m */,
				70F1705723CF72FD00BCEBBA /* GolfController.h */,
			);
			path = ViewControllers;
			sourceTree = "<group>";
		};
		6DB66605237135FB00A89134 /* Models */ = {
			isa = PBXGroup;
			children = (
				6D5429B423708A0A0059C604 /* AppDelegate.m */,
				6D5429B323708A0A0059C604 /* AppDelegate.h */,
				6D5429B723708A0A0059C604 /* SceneDelegate.m */,
				6D5429B623708A0A0059C604 /* SceneDelegate.h */,
			);
			path = Models;
			sourceTree = "<group>";
		};
		6DB6661C23724DD400A89134 /* Control */ = {
			isa = PBXGroup;
			children = (
				6D7036E22379DAE0004A956C /* control.h */,
				6DB6661E23724E2100A89134 /* calc.c */,
				6D7036D92379DA31004A956C /* fileparse.c */,
				6D7036E02379DA94004A956C /* histogram.c */,
				6D7036DE2379DA59004A956C /* jumpers.c */,
				6D7036DB2379DA41004A956C /* programming.c */,
				70ED10B52396D71D00B37A07 /* reverse.c */,
				704C29A123A7E8F500E0AC9A /* noVowels.c */,
				70CC4E2923C78A4300B85592 /* pointers.c */,
				7040FFCC23D8B1E600DB07FB /* golfCounter.c */,
			);
			path = Control;
			sourceTree = "<group>";
		};
		70524BBF23EB2DCE007CD570 /* Cards */ = {
			isa = PBXGroup;
			children = (
				70524C5A23EB2E36007CD570 /* 2C.png */,
				70524C5F23EB2E37007CD570 /* 2D.png */,
				70524C5823EB2E36007CD570 /* 2H.png */,
				70524C4923EB2E34007CD570 /* 2S.png */,
				70524C7023EB2E39007CD570 /* 3C.png */,
				70524C7123EB2E3A007CD570 /* 3D.png */,
				70524C6223EB2E37007CD570 /* 3H.png */,
				70524C6A23EB2E39007CD570 /* 3S.png */,
				70524C7423EB2E3A007CD570 /* 4C.png */,
				70524C7823EB2E3B007CD570 /* 4D.png */,
				70524C4223EB2E33007CD570 /* 4H.png */,
				70524C5C23EB2E36007CD570 /* 4S.png */,
				70524C6E23EB2E39007CD570 /* 5C.png */,
				70524C7C23EB2E3B007CD570 /* 5D.png */,
				70524C4623EB2E34007CD570 /* 5H.png */,
				70524C6023EB2E37007CD570 /* 5S.png */,
				70524C7723EB2E3B007CD570 /* 6C.png */,
				70524C6123EB2E37007CD570 /* 6D.png */,
				70524C5623EB2E36007CD570 /* 6H.png */,
				70524C7223EB2E3A007CD570 /* 6S.png */,
				70524C5023EB2E35007CD570 /* 7C.png */,
				70524C5723EB2E36007CD570 /* 7D.png */,
				70524C4B23EB2E34007CD570 /* 7H.png */,
				70524C4C23EB2E35007CD570 /* 7S.png */,
				70524C5B23EB2E36007CD570 /* 8C.png */,
				70524C6B23EB2E39007CD570 /* 8D.png */,
				70524C4823EB2E34007CD570 /* 8H.png */,
				70524C7923EB2E3B007CD570 /* 8S.png */,
				70524C7623EB2E3B007CD570 /* 9C.png */,
				70524C7323EB2E3A007CD570 /* 9D.png */,
				70524C6D23EB2E39007CD570 /* 9H.png */,
				70524C5923EB2E36007CD570 /* 9S.png */,
				70524C6F23EB2E39007CD570 /* 10C.png */,
				70524C5323EB2E35007CD570 /* 10D.png */,
				70524C6423EB2E38007CD570 /* 10H.png */,
				70524C4123EB2E33007CD570 /* 10S.png */,
				70524C4423EB2E34007CD570 /* AC.png */,
				70524C6823EB2E38007CD570 /* aces.png */,
				70524C4E23EB2E35007CD570 /* AD.png */,
				70524C7D23EB2E3B007CD570 /* AH.png */,
				70524C5D23EB2E37007CD570 /* AS.png */,
				70524C4323EB2E34007CD570 /* back_cards-07.png */,
				70524C6523EB2E38007CD570 /* blue_back.png */,
				70524C6323EB2E38007CD570 /* gray_back.png */,
				70524C6C23EB2E39007CD570 /* green_back.png */,
				70524C4F23EB2E35007CD570 /* honor_clubs.png */,
				70524C5523EB2E36007CD570 /* honor_diamond.png */,
				70524C7A23EB2E3B007CD570 /* honor_heart-14.png */,
				70524C4723EB2E34007CD570 /* honors_spade-14.png */,
				70524C5223EB2E35007CD570 /* JC.png */,
				70524C6923EB2E39007CD570 /* JD.png */,
				70524C4523EB2E34007CD570 /* JH.png */,
				70524C7F23EB2E3C007CD570 /* JS.png */,
				70524C7B23EB2E3B007CD570 /* KC.png */,
				70524C7523EB2E3A007CD570 /* KD.png */,
				70524C7E23EB2E3C007CD570 /* KH.png */,
				70524C4A23EB2E34007CD570 /* KS.png */,
				70524C6623EB2E38007CD570 /* purple_back.png */,
				70524C5423EB2E35007CD570 /* QC.png */,
				70524C4D23EB2E35007CD570 /* QD.png */,
				70524C6723EB2E38007CD570 /* QH.png */,
				70524C8023EB2E3C007CD570 /* QS.png */,
				70524C5123EB2E35007CD570 /* red_back.png */,
				70524C5E23EB2E37007CD570 /* yellow_back.png */,
				70524CC123EB2F31007CD570 /* warCards.storyboard */,
			);
			path = Cards;
			sourceTree = "<group>";
		};
		70B50FD323D21EA400930A8D /* Golf */ = {
			isa = PBXGroup;
			children = (
				701C352723D9631C0079E481 /* directionalsright.png */,
				70B37D0223D974B500DBC7D3 /* directionalsleft.png */,
				70B50FD123D2185500930A8D /* topTree.png */,
				70F1705323CF72D400BCEBBA /* Golf.storyboard */,
				70B50FD423D21EBC00930A8D /* golf2.storyboard */,
				702B25F823E1E9BE006CAA3F /* pond.png */,
				6D8C4EB723D74B9E002B2B3D /* golfball.png */,
				7037040023E338FF00A24F95 /* orangePortal.png */,
				7037040223E3390F00A24F95 /* bluePortal.png */,
				7029097323E0A49E00F3239C /* golf3.storyboard */,
			);
			path = Golf;
			sourceTree = "<group>";
		};
/* End PBXGroup section */

/* Begin PBXNativeTarget section */
		6D5429AF23708A0A0059C604 /* Uiportfolio */ = {
			isa = PBXNativeTarget;
			buildConfigurationList = 6D5429C923708A0C0059C604 /* Build configuration list for PBXNativeTarget "Uiportfolio" */;
			buildPhases = (
				6D5429AC23708A0A0059C604 /* Sources */,
				6D5429AD23708A0A0059C604 /* Frameworks */,
				6D5429AE23708A0A0059C604 /* Resources */,
			);
			buildRules = (
			);
			dependencies = (
			);
			name = Uiportfolio;
			productName = Uiportfolio;
			productReference = 6D5429B023708A0A0059C604 /* Uiportfolio.app */;
			productType = "com.apple.product-type.application";
		};
/* End PBXNativeTarget section */

/* Begin PBXProject section */
		6D5429A823708A0A0059C604 /* Project object */ = {
			isa = PBXProject;
			attributes = {
				LastUpgradeCheck = 1110;
				ORGANIZATIONNAME = JM;
				TargetAttributes = {
					6D5429AF23708A0A0059C604 = {
						CreatedOnToolsVersion = 11.1;
					};
				};
			};
			buildConfigurationList = 6D5429AB23708A0A0059C604 /* Build configuration list for PBXProject "Uiportfolio" */;
			compatibilityVersion = "Xcode 9.3";
			developmentRegion = en;
			hasScannedForEncodings = 0;
			knownRegions = (
				en,
				Base,
			);
			mainGroup = 6D5429A723708A0A0059C604;
			productRefGroup = 6D5429B123708A0A0059C604 /* Products */;
			projectDirPath = "";
			projectRoot = "";
			targets = (
				6D5429AF23708A0A0059C604 /* Uiportfolio */,
			);
		};
/* End PBXProject section */

/* Begin PBXResourcesBuildPhase section */
		6D5429AE23708A0A0059C604 /* Resources */ = {
			isa = PBXResourcesBuildPhase;
			buildActionMask = 2147483647;
			files = (
				70524CAD23EB2E3C007CD570 /* 9H.png in Resources */,
				70524CB923EB2E3C007CD570 /* 8S.png in Resources */,
				70524C9C23EB2E3C007CD570 /* 4S.png in Resources */,
				70524C9323EB2E3C007CD570 /* 10D.png in Resources */,
				70524CAC23EB2E3C007CD570 /* green_back.png in Resources */,
				70524C9623EB2E3C007CD570 /* 6H.png in Resources */,
				70524C8623EB2E3C007CD570 /* 5H.png in Resources */,
				70524CAB23EB2E3C007CD570 /* 8D.png in Resources */,
				70524CBA23EB2E3C007CD570 /* honor_heart-14.png in Resources */,
				70524C8123EB2E3C007CD570 /* 10S.png in Resources */,
				6DB666092371ED4400A89134 /* FileIO.storyboard in Resources */,
				70524C9E23EB2E3C007CD570 /* yellow_back.png in Resources */,
				70524CB223EB2E3C007CD570 /* 6S.png in Resources */,
				70524CC223EB2F31007CD570 /* warCards.storyboard in Resources */,
				70524CA923EB2E3C007CD570 /* JD.png in Resources */,
				70524C8C23EB2E3C007CD570 /* 7S.png in Resources */,
				70524CA523EB2E3C007CD570 /* blue_back.png in Resources */,
				70524C9423EB2E3C007CD570 /* QC.png in Resources */,
				70524C9823EB2E3C007CD570 /* 2H.png in Resources */,
				70524CB423EB2E3C007CD570 /* 4C.png in Resources */,
				70524CA823EB2E3C007CD570 /* aces.png in Resources */,
				7037040123E338FF00A24F95 /* orangePortal.png in Resources */,
				70524CA423EB2E3C007CD570 /* 10H.png in Resources */,
				70524CAA23EB2E3C007CD570 /* 3S.png in Resources */,
				70524C8F23EB2E3C007CD570 /* honor_clubs.png in Resources */,
				70B50FD523D21EBD00930A8D /* golf2.storyboard in Resources */,
				70524CA723EB2E3C007CD570 /* QH.png in Resources */,
				70524CA023EB2E3C007CD570 /* 5S.png in Resources */,
				70524C9123EB2E3C007CD570 /* red_back.png in Resources */,
				70524C8A23EB2E3C007CD570 /* KS.png in Resources */,
				70524CA623EB2E3C007CD570 /* purple_back.png in Resources */,
				70524C8923EB2E3C007CD570 /* 2S.png in Resources */,
				7037040323E3390F00A24F95 /* bluePortal.png in Resources */,
				70524CB323EB2E3C007CD570 /* 9D.png in Resources */,
				70524C8423EB2E3C007CD570 /* AC.png in Resources */,
				70524CB123EB2E3C007CD570 /* 3D.png in Resources */,
				70524C8223EB2E3C007CD570 /* 4H.png in Resources */,
				70524C9F23EB2E3C007CD570 /* 2D.png in Resources */,
				702B25F923E1E9BE006CAA3F /* pond.png in Resources */,
				70F1705423CF72D400BCEBBA /* Golf.storyboard in Resources */,
				70B37D0323D974B500DBC7D3 /* directionalsleft.png in Resources */,
				70524C9A23EB2E3C007CD570 /* 2C.png in Resources */,
				70524C9923EB2E3C007CD570 /* 9S.png in Resources */,
				70524C8523EB2E3C007CD570 /* JH.png in Resources */,
				70524C8323EB2E3C007CD570 /* back_cards-07.png in Resources */,
				70524C8823EB2E3C007CD570 /* 8H.png in Resources */,
				70524CB023EB2E3C007CD570 /* 3C.png in Resources */,
				6D5429C323708A0C0059C604 /* LaunchScreen.storyboard in Resources */,
				70524C9023EB2E3C007CD570 /* 7C.png in Resources */,
				70524CBE23EB2E3C007CD570 /* KH.png in Resources */,
				70524CAE23EB2E3C007CD570 /* 5C.png in Resources */,
				70B836352398185400D77BBF /* Reverse.storyboard in Resources */,
				70524CBC23EB2E3C007CD570 /* 5D.png in Resources */,
				70B50FD223D2185500930A8D /* topTree.png in Resources */,
				70524CC023EB2E3C007CD570 /* QS.png in Resources */,
				7029097423E0A49E00F3239C /* golf3.storyboard in Resources */,
				70524CA223EB2E3C007CD570 /* 3H.png in Resources */,
				70524CBD23EB2E3C007CD570 /* AH.png in Resources */,
				70524CB623EB2E3C007CD570 /* 9C.png in Resources */,
				6DB666112372014200A89134 /* Histogram.storyboard in Resources */,
				70524CB523EB2E3C007CD570 /* KD.png in Resources */,
				701C352823D9631C0079E481 /* directionalsright.png in Resources */,
				6D5429C023708A0C0059C604 /* Assets.xcassets in Resources */,
				70524C9D23EB2E3C007CD570 /* AS.png in Resources */,
				70524C8E23EB2E3C007CD570 /* AD.png in Resources */,
				70524C9223EB2E3C007CD570 /* JC.png in Resources */,
				70524CBF23EB2E3C007CD570 /* JS.png in Resources */,
				6DB666072371E7D600A89134 /* Calculator.storyboard in Resources */,
				70524CB723EB2E3C007CD570 /* 6C.png in Resources */,
				70524CB823EB2E3C007CD570 /* 4D.png in Resources */,
				6DB666132372021400A89134 /* AlgoSearch.storyboard in Resources */,
				70524CA123EB2E3C007CD570 /* 6D.png in Resources */,
				70524C9723EB2E3C007CD570 /* 7D.png in Resources */,
				70524CA323EB2E3C007CD570 /* gray_back.png in Resources */,
				6D8C4EB823D74B9E002B2B3D /* golfball.png in Resources */,
				6DB666152372033B00A89134 /* Pythagoras.storyboard in Resources */,
				70524CAF23EB2E3C007CD570 /* 10C.png in Resources */,
				70524C8B23EB2E3C007CD570 /* 7H.png in Resources */,
				70524C9523EB2E3C007CD570 /* honor_diamond.png in Resources */,
				70485BC623A87D5800B03B91 /* Piglatin.storyboard in Resources */,
				70524C8723EB2E3C007CD570 /* honors_spade-14.png in Resources */,
				70524CBB23EB2E3C007CD570 /* KC.png in Resources */,
				70524C9B23EB2E3C007CD570 /* 8C.png in Resources */,
				6D5429BE23708A0A0059C604 /* Main.storyboard in Resources */,
				70524C8D23EB2E3C007CD570 /* QD.png in Resources */,
			);
			runOnlyForDeploymentPostprocessing = 0;
		};
/* End PBXResourcesBuildPhase section */

/* Begin PBXSourcesBuildPhase section */
		6D5429AC23708A0A0059C604 /* Sources */ = {
			isa = PBXSourcesBuildPhase;
			buildActionMask = 2147483647;
			files = (
				6D7036DF2379DA59004A956C /* jumpers.c in Sources */,
				6D7036D123788FAB004A956C /* FileIOController.m in Sources */,
				7040FFCD23D8B1E600DB07FB /* golfCounter.c in Sources */,
				70F1705623CF72F200BCEBBA /* GolfController.m in Sources */,
				6DB6661F23724E2100A89134 /* calc.c in Sources */,
				70F8278D23A944EF00086EF6 /* PiglatinController.m in Sources */,
				6D5429BB23708A0A0059C604 /* CalcController.m in Sources */,
				6D7036C92377B995004A956C /* PythController.m in Sources */,
				6D5429B523708A0A0059C604 /* AppDelegate.m in Sources */,
				6D7036E12379DA95004A956C /* histogram.c in Sources */,
				6D5429C623708A0C0059C604 /* main.m in Sources */,
				70CC4E2A23C78A4300B85592 /* pointers.c in Sources */,
				70ED10B62396D71D00B37A07 /* reverse.c in Sources */,
				6D5429B823708A0A0059C604 /* SceneDelegate.m in Sources */,
				6D7036D723799B80004A956C /* AlgoController.m in Sources */,
				6D7036D423799330004A956C /* HistoController.m in Sources */,
				6D7036DA2379DA31004A956C /* fileparse.c in Sources */,
				70B836372398187700D77BBF /* ReverseController.m in Sources */,
				6D7036DC2379DA41004A956C /* programming.c in Sources */,
				704C29A223A7E8F500E0AC9A /* noVowels.c in Sources */,
			);
			runOnlyForDeploymentPostprocessing = 0;
		};
/* End PBXSourcesBuildPhase section */

/* Begin PBXVariantGroup section */
		6D5429BC23708A0A0059C604 /* Main.storyboard */ = {
			isa = PBXVariantGroup;
			children = (
				6D5429BD23708A0A0059C604 /* Base */,
			);
			name = Main.storyboard;
			sourceTree = "<group>";
		};
		6D5429C123708A0C0059C604 /* LaunchScreen.storyboard */ = {
			isa = PBXVariantGroup;
			children = (
				6D5429C223708A0C0059C604 /* Base */,
			);
			name = LaunchScreen.storyboard;
			sourceTree = "<group>";
		};
/* End PBXVariantGroup section */

/* Begin XCBuildConfiguration section */
		6D5429C723708A0C0059C604 /* Debug */ = {
			isa = XCBuildConfiguration;
			buildSettings = {
				ALWAYS_SEARCH_USER_PATHS = NO;
				CLANG_ANALYZER_NONNULL = YES;
				CLANG_ANALYZER_NUMBER_OBJECT_CONVERSION = YES_AGGRESSIVE;
				CLANG_CXX_LANGUAGE_STANDARD = "gnu++14";
				CLANG_CXX_LIBRARY = "libc++";
				CLANG_ENABLE_MODULES = YES;
				CLANG_ENABLE_OBJC_ARC = YES;
				CLANG_ENABLE_OBJC_WEAK = YES;
				CLANG_WARN_BLOCK_CAPTURE_AUTORELEASING = YES;
				CLANG_WARN_BOOL_CONVERSION = YES;
				CLANG_WARN_COMMA = YES;
				CLANG_WARN_CONSTANT_CONVERSION = YES;
				CLANG_WARN_DEPRECATED_OBJC_IMPLEMENTATIONS = YES;
				CLANG_WARN_DIRECT_OBJC_ISA_USAGE = YES_ERROR;
				CLANG_WARN_DOCUMENTATION_COMMENTS = YES;
				CLANG_WARN_EMPTY_BODY = YES;
				CLANG_WARN_ENUM_CONVERSION = YES;
				CLANG_WARN_INFINITE_RECURSION = YES;
				CLANG_WARN_INT_CONVERSION = YES;
				CLANG_WARN_NON_LITERAL_NULL_CONVERSION = YES;
				CLANG_WARN_OBJC_IMPLICIT_RETAIN_SELF = YES;
				CLANG_WARN_OBJC_LITERAL_CONVERSION = YES;
				CLANG_WARN_OBJC_ROOT_CLASS = YES_ERROR;
				CLANG_WARN_RANGE_LOOP_ANALYSIS = YES;
				CLANG_WARN_STRICT_PROTOTYPES = YES;
				CLANG_WARN_SUSPICIOUS_MOVE = YES;
				CLANG_WARN_UNGUARDED_AVAILABILITY = YES_AGGRESSIVE;
				CLANG_WARN_UNREACHABLE_CODE = YES;
				CLANG_WARN__DUPLICATE_METHOD_MATCH = YES;
				COPY_PHASE_STRIP = NO;
				DEBUG_INFORMATION_FORMAT = dwarf;
				ENABLE_STRICT_OBJC_MSGSEND = YES;
				ENABLE_TESTABILITY = YES;
				GCC_C_LANGUAGE_STANDARD = gnu11;
				GCC_DYNAMIC_NO_PIC = NO;
				GCC_NO_COMMON_BLOCKS = YES;
				GCC_OPTIMIZATION_LEVEL = 0;
				GCC_PREPROCESSOR_DEFINITIONS = (
					"DEBUG=1",
					"$(inherited)",
				);
				GCC_WARN_64_TO_32_BIT_CONVERSION = YES;
				GCC_WARN_ABOUT_RETURN_TYPE = YES_ERROR;
				GCC_WARN_UNDECLARED_SELECTOR = YES;
				GCC_WARN_UNINITIALIZED_AUTOS = YES_AGGRESSIVE;
				GCC_WARN_UNUSED_FUNCTION = YES;
				GCC_WARN_UNUSED_VARIABLE = YES;
				IPHONEOS_DEPLOYMENT_TARGET = 13.1;
				MTL_ENABLE_DEBUG_INFO = INCLUDE_SOURCE;
				MTL_FAST_MATH = YES;
				ONLY_ACTIVE_ARCH = YES;
				SDKROOT = iphoneos;
			};
			name = Debug;
		};
		6D5429C823708A0C0059C604 /* Release */ = {
			isa = XCBuildConfiguration;
			buildSettings = {
				ALWAYS_SEARCH_USER_PATHS = NO;
				CLANG_ANALYZER_NONNULL = YES;
				CLANG_ANALYZER_NUMBER_OBJECT_CONVERSION = YES_AGGRESSIVE;
				CLANG_CXX_LANGUAGE_STANDARD = "gnu++14";
				CLANG_CXX_LIBRARY = "libc++";
				CLANG_ENABLE_MODULES = YES;
				CLANG_ENABLE_OBJC_ARC = YES;
				CLANG_ENABLE_OBJC_WEAK = YES;
				CLANG_WARN_BLOCK_CAPTURE_AUTORELEASING = YES;
				CLANG_WARN_BOOL_CONVERSION = YES;
				CLANG_WARN_COMMA = YES;
				CLANG_WARN_CONSTANT_CONVERSION = YES;
				CLANG_WARN_DEPRECATED_OBJC_IMPLEMENTATIONS = YES;
				CLANG_WARN_DIRECT_OBJC_ISA_USAGE = YES_ERROR;
				CLANG_WARN_DOCUMENTATION_COMMENTS = YES;
				CLANG_WARN_EMPTY_BODY = YES;
				CLANG_WARN_ENUM_CONVERSION = YES;
				CLANG_WARN_INFINITE_RECURSION = YES;
				CLANG_WARN_INT_CONVERSION = YES;
				CLANG_WARN_NON_LITERAL_NULL_CONVERSION = YES;
				CLANG_WARN_OBJC_IMPLICIT_RETAIN_SELF = YES;
				CLANG_WARN_OBJC_LITERAL_CONVERSION = YES;
				CLANG_WARN_OBJC_ROOT_CLASS = YES_ERROR;
				CLANG_WARN_RANGE_LOOP_ANALYSIS = YES;
				CLANG_WARN_STRICT_PROTOTYPES = YES;
				CLANG_WARN_SUSPICIOUS_MOVE = YES;
				CLANG_WARN_UNGUARDED_AVAILABILITY = YES_AGGRESSIVE;
				CLANG_WARN_UNREACHABLE_CODE = YES;
				CLANG_WARN__DUPLICATE_METHOD_MATCH = YES;
				COPY_PHASE_STRIP = NO;
				DEBUG_INFORMATION_FORMAT = "dwarf-with-dsym";
				ENABLE_NS_ASSERTIONS = NO;
				ENABLE_STRICT_OBJC_MSGSEND = YES;
				GCC_C_LANGUAGE_STANDARD = gnu11;
				GCC_NO_COMMON_BLOCKS = YES;
				GCC_WARN_64_TO_32_BIT_CONVERSION = YES;
				GCC_WARN_ABOUT_RETURN_TYPE = YES_ERROR;
				GCC_WARN_UNDECLARED_SELECTOR = YES;
				GCC_WARN_UNINITIALIZED_AUTOS = YES_AGGRESSIVE;
				GCC_WARN_UNUSED_FUNCTION = YES;
				GCC_WARN_UNUSED_VARIABLE = YES;
				IPHONEOS_DEPLOYMENT_TARGET = 13.1;
				MTL_ENABLE_DEBUG_INFO = NO;
				MTL_FAST_MATH = YES;
				SDKROOT = iphoneos;
				VALIDATE_PRODUCT = YES;
			};
			name = Release;
		};
		6D5429CA23708A0C0059C604 /* Debug */ = {
			isa = XCBuildConfiguration;
			buildSettings = {
				ASSETCATALOG_COMPILER_APPICON_NAME = AppIcon;
				CODE_SIGN_STYLE = Automatic;
				INFOPLIST_FILE = Uiportfolio/Info.plist;
				LD_RUNPATH_SEARCH_PATHS = (
					"$(inherited)",
					"@executable_path/Frameworks",
				);
				PRODUCT_BUNDLE_IDENTIFIER = MCode.Uiportfolio;
				PRODUCT_NAME = "$(TARGET_NAME)";
				TARGETED_DEVICE_FAMILY = 1;
			};
			name = Debug;
		};
		6D5429CB23708A0C0059C604 /* Release */ = {
			isa = XCBuildConfiguration;
			buildSettings = {
				ASSETCATALOG_COMPILER_APPICON_NAME = AppIcon;
				CODE_SIGN_STYLE = Automatic;
				INFOPLIST_FILE = Uiportfolio/Info.plist;
				LD_RUNPATH_SEARCH_PATHS = (
					"$(inherited)",
					"@executable_path/Frameworks",
				);
				PRODUCT_BUNDLE_IDENTIFIER = MCode.Uiportfolio;
				PRODUCT_NAME = "$(TARGET_NAME)";
				TARGETED_DEVICE_FAMILY = 1;
			};
			name = Release;
		};
/* End XCBuildConfiguration section */

/* Begin XCConfigurationList section */
		6D5429AB23708A0A0059C604 /* Build configuration list for PBXProject "Uiportfolio" */ = {
			isa = XCConfigurationList;
			buildConfigurations = (
				6D5429C723708A0C0059C604 /* Debug */,
				6D5429C823708A0C0059C604 /* Release */,
			);
			defaultConfigurationIsVisible = 0;
			defaultConfigurationName = Release;
		};
		6D5429C923708A0C0059C604 /* Build configuration list for PBXNativeTarget "Uiportfolio" */ = {
			isa = XCConfigurationList;
			buildConfigurations = (
				6D5429CA23708A0C0059C604 /* Debug */,
				6D5429CB23708A0C0059C604 /* Release */,
			);
			defaultConfigurationIsVisible = 0;
			defaultConfigurationName = Release;
		};
/* End XCConfigurationList section */
	};
	rootObject = 6D5429A823708A0A0059C604 /* Project object */;
}
